
Microsoft Visual Studio Solution File, Format Version 12.00
# Visual Studio Version 17
VisualStudioVersion = 17.1.32407.343
MinimumVisualStudioVersion = 10.0.40219.1
Project("{FAE04EC0-301F-11D3-BF4B-00C04F79EFBC}") = "Grupo_3_PlayLand_BE", "Grupo_3_PlayLand_BE.csproj", "{526337E6-3644-43EE-BEBE-B4A65FB0D9C7}"
EndProject
Project("{FAE04EC0-301F-11D3-BF4B-00C04F79EFBC}") = "PlayLandProyect", "..\PlayLandProyect\PlayLandProyect.csproj", "{70C9D6B8-319F-4B03-8A3E-64587E252852}"
EndProject
Global
	GlobalSection(SolutionConfigurationPlatforms) = preSolution
		Debug|Any CPU = Debug|Any CPU
		Release|Any CPU = Release|Any CPU
	EndGlobalSection
	GlobalSection(ProjectConfigurationPlatforms) = postSolution
		{526337E6-3644-43EE-BEBE-B4A65FB0D9C7}.Debug|Any CPU.ActiveCfg = Debug|Any CPU
		{526337E6-3644-43EE-BEBE-B4A65FB0D9C7}.Debug|Any CPU.Build.0 = Debug|Any CPU
		{526337E6-3644-43EE-BEBE-B4A65FB0D9C7}.Release|Any CPU.ActiveCfg = Release|Any CPU
		{526337E6-3644-43EE-BEBE-B4A65FB0D9C7}.Release|Any CPU.Build.0 = Release|Any CPU
		{70C9D6B8-319F-4B03-8A3E-64587E252852}.Debug|Any CPU.ActiveCfg = Debug|Any CPU
		{70C9D6B8-319F-4B03-8A3E-64587E252852}.Debug|Any CPU.Build.0 = Debug|Any CPU
		{70C9D6B8-319F-4B03-8A3E-64587E252852}.Release|Any CPU.ActiveCfg = Release|Any CPU
		{70C9D6B8-319F-4B03-8A3E-64587E252852}.Release|Any CPU.Build.0 = Release|Any CPU
	EndGlobalSection
	GlobalSection(SolutionProperties) = preSolution
		HideSolutionNode = FALSE
	EndGlobalSection
	GlobalSection(ExtensibilityGlobals) = postSolution
		SolutionGuid = {0A62B9A9-5EF9-4EE3-9496-90C5F03466A6}
	EndGlobalSection
EndGlobal
